
Microsoft Visual Studio Solution File, Format Version 12.00
# Visual Studio Version 16
VisualStudioVersion = 16.0.30523.141
MinimumVisualStudioVersion = 10.0.40219.1
Project("{FAE04EC0-301F-11D3-BF4B-00C04F79EFBC}") = "CGAPI", "CGAPI.csproj", "{8EFE4905-6EC4-4925-ACFC-3A13232E60C4}"
EndProject
Global
	GlobalSection(SolutionConfigurationPlatforms) = preSolution
		Debug|Any CPU = Debug|Any CPU
		Release|Any CPU = Release|Any CPU
	EndGlobalSection
	GlobalSection(ProjectConfigurationPlatforms) = postSolution
		{8EFE4905-6EC4-4925-ACFC-3A13232E60C4}.Debug|Any CPU.ActiveCfg = Debug|Any CPU
		{8EFE4905-6EC4-4925-ACFC-3A13232E60C4}.Debug|Any CPU.Build.0 = Debug|Any CPU
		{8EFE4905-6EC4-4925-ACFC-3A13232E60C4}.Release|Any CPU.ActiveCfg = Release|Any CPU
		{8EFE4905-6EC4-4925-ACFC-3A13232E60C4}.Release|Any CPU.Build.0 = Release|Any CPU
	EndGlobalSection
	GlobalSection(SolutionProperties) = preSolution
		HideSolutionNode = FALSE
	EndGlobalSection
	GlobalSection(ExtensibilityGlobals) = postSolution
		SolutionGuid = {005510F6-2931-44A6-968D-CB28256E3D8E}
	EndGlobalSection
EndGlobal
